// !$*UTF8*$!
{
	archiveVersion = 1;
	classes = {
	};
	objectVersion = 46;
	objects = {

/* Begin PBXBuildFile section */
		8000013B1924329F00039F10 /* Foundation.framework in Frameworks */ = {isa = PBXBuildFile; fileRef = 8000013A1924329F00039F10 /* Foundation.framework */; };
		8000013D1924329F00039F10 /* CoreGraphics.framework in Frameworks */ = {isa = PBXBuildFile; fileRef = 8000013C1924329F00039F10 /* CoreGraphics.framework */; };
		8000013F1924329F00039F10 /* UIKit.framework in Frameworks */ = {isa = PBXBuildFile; fileRef = 8000013E1924329F00039F10 /* UIKit.framework */; };
		800001451924329F00039F10 /* InfoPlist.strings in Resources */ = {isa = PBXBuildFile; fileRef = 800001431924329F00039F10 /* InfoPlist.strings */; };
		800001471924329F00039F10 /* main.m in Sources */ = {isa = PBXBuildFile; fileRef = 800001461924329F00039F10 /* main.m */; };
		8000014B1924329F00039F10 /* XYZQ14AppDelegate.m in Sources */ = {isa = PBXBuildFile; fileRef = 8000014A1924329F00039F10 /* XYZQ14AppDelegate.m */; };
		80000154192432A000039F10 /* XCTest.framework in Frameworks */ = {isa = PBXBuildFile; fileRef = 80000153192432A000039F10 /* XCTest.framework */; };
		80000155192432A000039F10 /* Foundation.framework in Frameworks */ = {isa = PBXBuildFile; fileRef = 8000013A1924329F00039F10 /* Foundation.framework */; };
		80000156192432A000039F10 /* UIKit.framework in Frameworks */ = {isa = PBXBuildFile; fileRef = 8000013E1924329F00039F10 /* UIKit.framework */; };
		8000015E192432A000039F10 /* InfoPlist.strings in Resources */ = {isa = PBXBuildFile; fileRef = 8000015C192432A000039F10 /* InfoPlist.strings */; };
		80000160192432A000039F10 /* Q14Tests.m in Sources */ = {isa = PBXBuildFile; fileRef = 8000015F192432A000039F10 /* Q14Tests.m */; };
		800001AB1924331100039F10 /* amf.png in Resources */ = {isa = PBXBuildFile; fileRef = 800001691924331100039F10 /* amf.png */; };
		800001AC1924331100039F10 /* anuncio.png in Resources */ = {isa = PBXBuildFile; fileRef = 8000016A1924331100039F10 /* anuncio.png */; };
		800001AD1924331100039F10 /* anuncio@2x.png in Resources */ = {isa = PBXBuildFile; fileRef = 8000016B1924331100039F10 /* anuncio@2x.png */; };
		800001AE1924331100039F10 /* AppDelegate.m in Sources */ = {isa = PBXBuildFile; fileRef = 8000016D1924331100039F10 /* AppDelegate.m */; };
		800001AF1924331100039F10 /* avisoprivacidad.m in Sources */ = {isa = PBXBuildFile; fileRef = 8000016F1924331100039F10 /* avisoprivacidad.m */; };
		800001B01924331100039F10 /* Banner500x100.png in Resources */ = {isa = PBXBuildFile; fileRef = 800001701924331100039F10 /* Banner500x100.png */; };
		800001B11924331100039F10 /* banners-publicidad.png in Resources */ = {isa = PBXBuildFile; fileRef = 800001711924331100039F10 /* banners-publicidad.png */; };
		800001B21924331100039F10 /* bellini.png in Resources */ = {isa = PBXBuildFile; fileRef = 800001721924331100039F10 /* bellini.png */; };
		800001B31924331100039F10 /* bioparque.png in Resources */ = {isa = PBXBuildFile; fileRef = 800001731924331100039F10 /* bioparque.png */; };
		800001B41924331100039F10 /* calendario.png in Resources */ = {isa = PBXBuildFile; fileRef = 800001741924331100039F10 /* calendario.png */; };
		800001B51924331100039F10 /* calendario2.png in Resources */ = {isa = PBXBuildFile; fileRef = 800001751924331100039F10 /* calendario2.png */; };
		800001B61924331100039F10 /* CalendarioViewController.m in Sources */ = {isa = PBXBuildFile; fileRef = 800001771924331100039F10 /* CalendarioViewController.m */; };
		800001B71924331100039F10 /* clasificacion.png in Resources */ = {isa = PBXBuildFile; fileRef = 800001781924331100039F10 /* clasificacion.png */; };
		800001B81924331100039F10 /* clasificacion2.png in Resources */ = {isa = PBXBuildFile; fileRef = 800001791924331100039F10 /* clasificacion2.png */; };
		800001B91924331100039F10 /* ClasificacionViewController.m in Sources */ = {isa = PBXBuildFile; fileRef = 8000017B1924331100039F10 /* ClasificacionViewController.m */; };
		800001BA1924331100039F10 /* easteregg.m in Sources */ = {isa = PBXBuildFile; fileRef = 8000017D1924331100039F10 /* easteregg.m */; };
		800001BB1924331100039F10 /* envivo.png in Resources */ = {isa = PBXBuildFile; fileRef = 8000017E1924331100039F10 /* envivo.png */; };
		800001BC1924331100039F10 /* fondo.jpg in Resources */ = {isa = PBXBuildFile; fileRef = 8000017F1924331100039F10 /* fondo.jpg */; };
		800001BD1924331100039F10 /* fondo200x200.png in Resources */ = {isa = PBXBuildFile; fileRef = 800001801924331100039F10 /* fondo200x200.png */; };
		800001BE1924331100039F10 /* fondoo.jpg in Resources */ = {isa = PBXBuildFile; fileRef = 800001811924331100039F10 /* fondoo.jpg */; };
		800001BF1924331100039F10 /* goleadores.png in Resources */ = {isa = PBXBuildFile; fileRef = 800001821924331100039F10 /* goleadores.png */; };
		800001C01924331100039F10 /* goleadores2.png in Resources */ = {isa = PBXBuildFile; fileRef = 800001831924331100039F10 /* goleadores2.png */; };
		800001C11924331100039F10 /* GoleadoresViewController.m in Sources */ = {isa = PBXBuildFile; fileRef = 800001851924331100039F10 /* GoleadoresViewController.m */; };
		800001C21924331100039F10 /* grupoa.png in Resources */ = {isa = PBXBuildFile; fileRef = 800001861924331100039F10 /* grupoa.png */; };
		800001C31924331100039F10 /* grupob.png in Resources */ = {isa = PBXBuildFile; fileRef = 800001871924331100039F10 /* grupob.png */; };
		800001C41924331100039F10 /* grupoc.png in Resources */ = {isa = PBXBuildFile; fileRef = 800001881924331100039F10 /* grupoc.png */; };
		800001C51924331100039F10 /* grupod.png in Resources */ = {isa = PBXBuildFile; fileRef = 800001891924331100039F10 /* grupod.png */; };
		800001C61924331100039F10 /* grupoe.png in Resources */ = {isa = PBXBuildFile; fileRef = 8000018A1924331100039F10 /* grupoe.png */; };
		800001C71924331100039F10 /* grupof.png in Resources */ = {isa = PBXBuildFile; fileRef = 8000018B1924331100039F10 /* grupof.png */; };
		800001C81924331100039F10 /* grupog.png in Resources */ = {isa = PBXBuildFile; fileRef = 8000018C1924331100039F10 /* grupog.png */; };
		800001C91924331100039F10 /* grupoh.png in Resources */ = {isa = PBXBuildFile; fileRef = 8000018D1924331100039F10 /* grupoh.png */; };
		800001CA1924331100039F10 /* ICONOAPP.png in Resources */ = {isa = PBXBuildFile; fileRef = 8000018E1924331100039F10 /* ICONOAPP.png */; };
		800001CB1924331100039F10 /* ICONOAPP2.png in Resources */ = {isa = PBXBuildFile; fileRef = 8000018F1924331100039F10 /* ICONOAPP2.png */; };
		800001CC1924331100039F10 /* ICONOAPP58.png in Resources */ = {isa = PBXBuildFile; fileRef = 800001901924331100039F10 /* ICONOAPP58.png */; };
		800001CD1924331100039F10 /* ICONOAPP80.png in Resources */ = {isa = PBXBuildFile; fileRef = 800001911924331100039F10 /* ICONOAPP80.png */; };
		800001CE1924331100039F10 /* ICONOAPP120.png in Resources */ = {isa = PBXBuildFile; fileRef = 800001921924331100039F10 /* ICONOAPP120.png */; };
		800001CF1924331100039F10 /* inicio.m in Sources */ = {isa = PBXBuildFile; fileRef = 800001941924331100039F10 /* inicio.m */; };
		800001D01924331100039F10 /* LOGOQ14IOS.png in Resources */ = {isa = PBXBuildFile; fileRef = 800001951924331100039F10 /* LOGOQ14IOS.png */; };
		800001D11924331100039F10 /* Main.storyboard in Resources */ = {isa = PBXBuildFile; fileRef = 800001961924331100039F10 /* Main.storyboard */; };
		800001D21924331100039F10 /* mambocafe.png in Resources */ = {isa = PBXBuildFile; fileRef = 800001971924331100039F10 /* mambocafe.png */; };
		800001D31924331100039F10 /* posiciones.png in Resources */ = {isa = PBXBuildFile; fileRef = 800001981924331100039F10 /* posiciones.png */; };
		800001D41924331100039F10 /* posiciones2.png in Resources */ = {isa = PBXBuildFile; fileRef = 800001991924331100039F10 /* posiciones2.png */; };
		800001D51924331100039F10 /* PosicionViewController.m in Sources */ = {isa = PBXBuildFile; fileRef = 8000019B1924331100039F10 /* PosicionViewController.m */; };
		800001D61924331100039F10 /* principal.m in Sources */ = {isa = PBXBuildFile; fileRef = 8000019D1924331100039F10 /* principal.m */; };
		800001D71924331100039F10 /* quiniela2014.png in Resources */ = {isa = PBXBuildFile; fileRef = 8000019E1924331100039F10 /* quiniela2014.png */; };
		800001D81924331100039F10 /* quiniela20142.png in Resources */ = {isa = PBXBuildFile; fileRef = 8000019F1924331100039F10 /* quiniela20142.png */; };
		800001D91924331100039F10 /* QuinielaViewController.m in Sources */ = {isa = PBXBuildFile; fileRef = 800001A11924331100039F10 /* QuinielaViewController.m */; };
		800001DA1924331100039F10 /* Internet.m in Sources */ = {isa = PBXBuildFile; fileRef = 800001A31924331100039F10 /* Internet.m */; };
		800001DB1924331100039F10 /* registro.png in Resources */ = {isa = PBXBuildFile; fileRef = 800001A41924331100039F10 /* registro.png */; };
		800001DC1924331100039F10 /* registro2.png in Resources */ = {isa = PBXBuildFile; fileRef = 800001A51924331100039F10 /* registro2.png */; };
		800001DD1924331100039F10 /* RegistroViewController.m in Sources */ = {isa = PBXBuildFile; fileRef = 800001A71924331100039F10 /* RegistroViewController.m */; };
		800001DE1924331100039F10 /* reglas.m in Sources */ = {isa = PBXBuildFile; fileRef = 800001A91924331100039F10 /* reglas.m */; };
		800001DF1924331100039F10 /* resultados.png in Resources */ = {isa = PBXBuildFile; fileRef = 800001AA1924331100039F10 /* resultados.png */; };
		800001E71924404900039F10 /* Default-568h@2x.png in Resources */ = {isa = PBXBuildFile; fileRef = 800001E61924404900039F10 /* Default-568h@2x.png */; };
		8027CA471924F192006D7667 /* MessageUI.framework in Frameworks */ = {isa = PBXBuildFile; fileRef = 8027CA461924F192006D7667 /* MessageUI.framework */; };
		8027CA491924F22B006D7667 /* CoreFoundation.framework in Frameworks */ = {isa = PBXBuildFile; fileRef = 8027CA481924F22B006D7667 /* CoreFoundation.framework */; };
/* End PBXBuildFile section */

/* Begin PBXContainerItemProxy section */
		80000157192432A000039F10 /* PBXContainerItemProxy */ = {
			isa = PBXContainerItemProxy;
			containerPortal = 8000012F1924329F00039F10 /* Project object */;
			proxyType = 1;
			remoteGlobalIDString = 800001361924329F00039F10;
			remoteInfo = Q14;
		};
/* End PBXContainerItemProxy section */

/* Begin PBXFileReference section */
		800001371924329F00039F10 /* Q14.app */ = {isa = PBXFileReference; explicitFileType = wrapper.application; includeInIndex = 0; path = Q14.app; sourceTree = BUILT_PRODUCTS_DIR; };
		8000013A1924329F00039F10 /* Foundation.framework */ = {isa = PBXFileReference; lastKnownFileType = wrapper.framework; name = Foundation.framework; path = System/Library/Frameworks/Foundation.framework; sourceTree = SDKROOT; };
		8000013C1924329F00039F10 /* CoreGraphics.framework */ = {isa = PBXFileReference; lastKnownFileType = wrapper.framework; name = CoreGraphics.framework; path = System/Library/Frameworks/CoreGraphics.framework; sourceTree = SDKROOT; };
		8000013E1924329F00039F10 /* UIKit.framework */ = {isa = PBXFileReference; lastKnownFileType = wrapper.framework; name = UIKit.framework; path = System/Library/Frameworks/UIKit.framework; sourceTree = SDKROOT; };
		800001421924329F00039F10 /* Q14-Info.plist */ = {isa = PBXFileReference; lastKnownFileType = text.plist.xml; path = "Q14-Info.plist"; sourceTree = "<group>"; };
		800001441924329F00039F10 /* en */ = {isa = PBXFileReference; lastKnownFileType = text.plist.strings; name = en; path = en.lproj/InfoPlist.strings; sourceTree = "<group>"; };
		800001461924329F00039F10 /* main.m */ = {isa = PBXFileReference; lastKnownFileType = sourcecode.c.objc; path = main.m; sourceTree = "<group>"; };
		800001481924329F00039F10 /* Q14-Prefix.pch */ = {isa = PBXFileReference; lastKnownFileType = sourcecode.c.h; path = "Q14-Prefix.pch"; sourceTree = "<group>"; };
		800001491924329F00039F10 /* XYZQ14AppDelegate.h */ = {isa = PBXFileReference; lastKnownFileType = sourcecode.c.h; path = XYZQ14AppDelegate.h; sourceTree = "<group>"; };
		8000014A1924329F00039F10 /* XYZQ14AppDelegate.m */ = {isa = PBXFileReference; lastKnownFileType = sourcecode.c.objc; path = XYZQ14AppDelegate.m; sourceTree = "<group>"; };
		80000152192432A000039F10 /* Q14Tests.xctest */ = {isa = PBXFileReference; explicitFileType = wrapper.cfbundle; includeInIndex = 0; path = Q14Tests.xctest; sourceTree = BUILT_PRODUCTS_DIR; };
		80000153192432A000039F10 /* XCTest.framework */ = {isa = PBXFileReference; lastKnownFileType = wrapper.framework; name = XCTest.framework; path = Library/Frameworks/XCTest.framework; sourceTree = DEVELOPER_DIR; };
		8000015B192432A000039F10 /* Q14Tests-Info.plist */ = {isa = PBXFileReference; lastKnownFileType = text.plist.xml; path = "Q14Tests-Info.plist"; sourceTree = "<group>"; };
		8000015D192432A000039F10 /* en */ = {isa = PBXFileReference; lastKnownFileType = text.plist.strings; name = en; path = en.lproj/InfoPlist.strings; sourceTree = "<group>"; };
		8000015F192432A000039F10 /* Q14Tests.m */ = {isa = PBXFileReference; lastKnownFileType = sourcecode.c.objc; path = Q14Tests.m; sourceTree = "<group>"; };
		800001691924331100039F10 /* amf.png */ = {isa = PBXFileReference; lastKnownFileType = image.png; path = amf.png; sourceTree = "<group>"; };
		8000016A1924331100039F10 /* anuncio.png */ = {isa = PBXFileReference; lastKnownFileType = image.png; path = anuncio.png; sourceTree = "<group>"; };
		8000016B1924331100039F10 /* anuncio@2x.png */ = {isa = PBXFileReference; lastKnownFileType = image.png; path = "anuncio@2x.png"; sourceTree = "<group>"; };
		8000016C1924331100039F10 /* AppDelegate.h */ = {isa = PBXFileReference; fileEncoding = 4; lastKnownFileType = sourcecode.c.h; path = AppDelegate.h; sourceTree = "<group>"; };
		8000016D1924331100039F10 /* AppDelegate.m */ = {isa = PBXFileReference; fileEncoding = 4; lastKnownFileType = sourcecode.c.objc; path = AppDelegate.m; sourceTree = "<group>"; };
		8000016E1924331100039F10 /* avisoprivacidad.h */ = {isa = PBXFileReference; fileEncoding = 4; lastKnownFileType = sourcecode.c.h; path = avisoprivacidad.h; sourceTree = "<group>"; };
		8000016F1924331100039F10 /* avisoprivacidad.m */ = {isa = PBXFileReference; fileEncoding = 4; lastKnownFileType = sourcecode.c.objc; path = avisoprivacidad.m; sourceTree = "<group>"; };
		800001701924331100039F10 /* Banner500x100.png */ = {isa = PBXFileReference; lastKnownFileType = image.png; path = Banner500x100.png; sourceTree = "<group>"; };
		800001711924331100039F10 /* banners-publicidad.png */ = {isa = PBXFileReference; lastKnownFileType = image.png; path = "banners-publicidad.png"; sourceTree = "<group>"; };
		800001721924331100039F10 /* bellini.png */ = {isa = PBXFileReference; lastKnownFileType = image.png; path = bellini.png; sourceTree = "<group>"; };
		800001731924331100039F10 /* bioparque.png */ = {isa = PBXFileReference; lastKnownFileType = image.png; path = bioparque.png; sourceTree = "<group>"; };
		800001741924331100039F10 /* calendario.png */ = {isa = PBXFileReference; lastKnownFileType = image.png; path = calendario.png; sourceTree = "<group>"; };
		800001751924331100039F10 /* calendario2.png */ = {isa = PBXFileReference; lastKnownFileType = image.png; path = calendario2.png; sourceTree = "<group>"; };
		800001761924331100039F10 /* CalendarioViewController.h */ = {isa = PBXFileReference; fileEncoding = 4; lastKnownFileType = sourcecode.c.h; path = CalendarioViewController.h; sourceTree = "<group>"; };
		800001771924331100039F10 /* CalendarioViewController.m */ = {isa = PBXFileReference; fileEncoding = 4; lastKnownFileType = sourcecode.c.objc; path = CalendarioViewController.m; sourceTree = "<group>"; };
		800001781924331100039F10 /* clasificacion.png */ = {isa = PBXFileReference; lastKnownFileType = image.png; path = clasificacion.png; sourceTree = "<group>"; };
		800001791924331100039F10 /* clasificacion2.png */ = {isa = PBXFileReference; lastKnownFileType = image.png; path = clasificacion2.png; sourceTree = "<group>"; };
		8000017A1924331100039F10 /* ClasificacionViewController.h */ = {isa = PBXFileReference; fileEncoding = 4; lastKnownFileType = sourcecode.c.h; path = ClasificacionViewController.h; sourceTree = "<group>"; };
		8000017B1924331100039F10 /* ClasificacionViewController.m */ = {isa = PBXFileReference; fileEncoding = 4; lastKnownFileType = sourcecode.c.objc; path = ClasificacionViewController.m; sourceTree = "<group>"; };
		8000017C1924331100039F10 /* easteregg.h */ = {isa = PBXFileReference; fileEncoding = 4; lastKnownFileType = sourcecode.c.h; path = easteregg.h; sourceTree = "<group>"; };
		8000017D1924331100039F10 /* easteregg.m */ = {isa = PBXFileReference; fileEncoding = 4; lastKnownFileType = sourcecode.c.objc; path = easteregg.m; sourceTree = "<group>"; };
		8000017E1924331100039F10 /* envivo.png */ = {isa = PBXFileReference; lastKnownFileType = image.png; path = envivo.png; sourceTree = "<group>"; };
		8000017F1924331100039F10 /* fondo.jpg */ = {isa = PBXFileReference; lastKnownFileType = image.jpeg; path = fondo.jpg; sourceTree = "<group>"; };
		800001801924331100039F10 /* fondo200x200.png */ = {isa = PBXFileReference; lastKnownFileType = image.png; path = fondo200x200.png; sourceTree = "<group>"; };
		800001811924331100039F10 /* fondoo.jpg */ = {isa = PBXFileReference; lastKnownFileType = image.jpeg; path = fondoo.jpg; sourceTree = "<group>"; };
		800001821924331100039F10 /* goleadores.png */ = {isa = PBXFileReference; lastKnownFileType = image.png; path = goleadores.png; sourceTree = "<group>"; };
		800001831924331100039F10 /* goleadores2.png */ = {isa = PBXFileReference; lastKnownFileType = image.png; path = goleadores2.png; sourceTree = "<group>"; };
		800001841924331100039F10 /* GoleadoresViewController.h */ = {isa = PBXFileReference; fileEncoding = 4; lastKnownFileType = sourcecode.c.h; path = GoleadoresViewController.h; sourceTree = "<group>"; };
		800001851924331100039F10 /* GoleadoresViewController.m */ = {isa = PBXFileReference; fileEncoding = 4; lastKnownFileType = sourcecode.c.objc; path = GoleadoresViewController.m; sourceTree = "<group>"; };
		800001861924331100039F10 /* grupoa.png */ = {isa = PBXFileReference; lastKnownFileType = image.png; path = grupoa.png; sourceTree = "<group>"; };
		800001871924331100039F10 /* grupob.png */ = {isa = PBXFileReference; lastKnownFileType = image.png; path = grupob.png; sourceTree = "<group>"; };
		800001881924331100039F10 /* grupoc.png */ = {isa = PBXFileReference; lastKnownFileType = image.png; path = grupoc.png; sourceTree = "<group>"; };
		800001891924331100039F10 /* grupod.png */ = {isa = PBXFileReference; lastKnownFileType = image.png; path = grupod.png; sourceTree = "<group>"; };
		8000018A1924331100039F10 /* grupoe.png */ = {isa = PBXFileReference; lastKnownFileType = image.png; path = grupoe.png; sourceTree = "<group>"; };
		8000018B1924331100039F10 /* grupof.png */ = {isa = PBXFileReference; lastKnownFileType = image.png; path = grupof.png; sourceTree = "<group>"; };
		8000018C1924331100039F10 /* grupog.png */ = {isa = PBXFileReference; lastKnownFileType = image.png; path = grupog.png; sourceTree = "<group>"; };
		8000018D1924331100039F10 /* grupoh.png */ = {isa = PBXFileReference; lastKnownFileType = image.png; path = grupoh.png; sourceTree = "<group>"; };
		8000018E1924331100039F10 /* ICONOAPP.png */ = {isa = PBXFileReference; lastKnownFileType = image.png; path = ICONOAPP.png; sourceTree = "<group>"; };
		8000018F1924331100039F10 /* ICONOAPP2.png */ = {isa = PBXFileReference; lastKnownFileType = image.png; path = ICONOAPP2.png; sourceTree = "<group>"; };
		800001901924331100039F10 /* ICONOAPP58.png */ = {isa = PBXFileReference; lastKnownFileType = image.png; path = ICONOAPP58.png; sourceTree = "<group>"; };
		800001911924331100039F10 /* ICONOAPP80.png */ = {isa = PBXFileReference; lastKnownFileType = image.png; path = ICONOAPP80.png; sourceTree = "<group>"; };
		800001921924331100039F10 /* ICONOAPP120.png */ = {isa = PBXFileReference; lastKnownFileType = image.png; path = ICONOAPP120.png; sourceTree = "<group>"; };
		800001931924331100039F10 /* inicio.h */ = {isa = PBXFileReference; fileEncoding = 4; lastKnownFileType = sourcecode.c.h; path = inicio.h; sourceTree = "<group>"; };
		800001941924331100039F10 /* inicio.m */ = {isa = PBXFileReference; fileEncoding = 4; lastKnownFileType = sourcecode.c.objc; path = inicio.m; sourceTree = "<group>"; };
		800001951924331100039F10 /* LOGOQ14IOS.png */ = {isa = PBXFileReference; lastKnownFileType = image.png; path = LOGOQ14IOS.png; sourceTree = "<group>"; };
		800001961924331100039F10 /* Main.storyboard */ = {isa = PBXFileReference; fileEncoding = 4; lastKnownFileType = file.storyboard; path = Main.storyboard; sourceTree = "<group>"; };
		800001971924331100039F10 /* mambocafe.png */ = {isa = PBXFileReference; lastKnownFileType = image.png; path = mambocafe.png; sourceTree = "<group>"; };
		800001981924331100039F10 /* posiciones.png */ = {isa = PBXFileReference; lastKnownFileType = image.png; path = posiciones.png; sourceTree = "<group>"; };
		800001991924331100039F10 /* posiciones2.png */ = {isa = PBXFileReference; lastKnownFileType = image.png; path = posiciones2.png; sourceTree = "<group>"; };
		8000019A1924331100039F10 /* PosicionViewController.h */ = {isa = PBXFileReference; fileEncoding = 4; lastKnownFileType = sourcecode.c.h; path = PosicionViewController.h; sourceTree = "<group>"; };
		8000019B1924331100039F10 /* PosicionViewController.m */ = {isa = PBXFileReference; fileEncoding = 4; lastKnownFileType = sourcecode.c.objc; path = PosicionViewController.m; sourceTree = "<group>"; };
		8000019C1924331100039F10 /* principal.h */ = {isa = PBXFileReference; fileEncoding = 4; lastKnownFileType = sourcecode.c.h; path = principal.h; sourceTree = "<group>"; };
		8000019D1924331100039F10 /* principal.m */ = {isa = PBXFileReference; fileEncoding = 4; lastKnownFileType = sourcecode.c.objc; path = principal.m; sourceTree = "<group>"; };
		8000019E1924331100039F10 /* quiniela2014.png */ = {isa = PBXFileReference; lastKnownFileType = image.png; path = quiniela2014.png; sourceTree = "<group>"; };
		8000019F1924331100039F10 /* quiniela20142.png */ = {isa = PBXFileReference; lastKnownFileType = image.png; path = quiniela20142.png; sourceTree = "<group>"; };
		800001A01924331100039F10 /* QuinielaViewController.h */ = {isa = PBXFileReference; fileEncoding = 4; lastKnownFileType = sourcecode.c.h; path = QuinielaViewController.h; sourceTree = "<group>"; };
		800001A11924331100039F10 /* QuinielaViewController.m */ = {isa = PBXFileReference; fileEncoding = 4; lastKnownFileType = sourcecode.c.objc; path = QuinielaViewController.m; sourceTree = "<group>"; };
		800001A21924331100039F10 /* Internet.h */ = {isa = PBXFileReference; fileEncoding = 4; lastKnownFileType = sourcecode.c.h; path = Internet.h; sourceTree = "<group>"; };
		800001A31924331100039F10 /* Internet.m */ = {isa = PBXFileReference; fileEncoding = 4; lastKnownFileType = sourcecode.c.objc; path = Internet.m; sourceTree = "<group>"; };
		800001A41924331100039F10 /* registro.png */ = {isa = PBXFileReference; lastKnownFileType = image.png; path = registro.png; sourceTree = "<group>"; };
		800001A51924331100039F10 /* registro2.png */ = {isa = PBXFileReference; lastKnownFileType = image.png; path = registro2.png; sourceTree = "<group>"; };
		800001A61924331100039F10 /* RegistroViewController.h */ = {isa = PBXFileReference; fileEncoding = 4; lastKnownFileType = sourcecode.c.h; path = RegistroViewController.h; sourceTree = "<group>"; };
		800001A71924331100039F10 /* RegistroViewController.m */ = {isa = PBXFileReference; fileEncoding = 4; lastKnownFileType = sourcecode.c.objc; path = RegistroViewController.m; sourceTree = "<group>"; };
		800001A81924331100039F10 /* reglas.h */ = {isa = PBXFileReference; fileEncoding = 4; lastKnownFileType = sourcecode.c.h; path = reglas.h; sourceTree = "<group>"; };
		800001A91924331100039F10 /* reglas.m */ = {isa = PBXFileReference; fileEncoding = 4; lastKnownFileType = sourcecode.c.objc; path = reglas.m; sourceTree = "<group>"; };
		800001AA1924331100039F10 /* resultados.png */ = {isa = PBXFileReference; lastKnownFileType = image.png; path = resultados.png; sourceTree = "<group>"; };
		800001E019243F7600039F10 /* 960.png */ = {isa = PBXFileReference; lastKnownFileType = image.png; name = 960.png; path = ../960.png; sourceTree = "<group>"; };
		800001E219243FB200039F10 /* 640.png */ = {isa = PBXFileReference; lastKnownFileType = image.png; name = 640.png; path = ../640.png; sourceTree = "<group>"; };
		800001E319243FCE00039F10 /* ICONOAPP120.png */ = {isa = PBXFileReference; lastKnownFileType = image.png; name = ICONOAPP120.png; path = ../ICONOAPP120.png; sourceTree = "<group>"; };
		800001E419243FE500039F10 /* ICONOAPP80.png */ = {isa = PBXFileReference; lastKnownFileType = image.png; name = ICONOAPP80.png; path = ../ICONOAPP80.png; sourceTree = "<group>"; };
		800001E519243FFD00039F10 /* ICONOAPP58.png */ = {isa = PBXFileReference; lastKnownFileType = image.png; name = ICONOAPP58.png; path = ../ICONOAPP58.png; sourceTree = "<group>"; };
		800001E61924404900039F10 /* Default-568h@2x.png */ = {isa = PBXFileReference; lastKnownFileType = image.png; name = "Default-568h@2x.png"; path = "../Default-568h@2x.png"; sourceTree = "<group>"; };
		8027CA461924F192006D7667 /* MessageUI.framework */ = {isa = PBXFileReference; lastKnownFileType = wrapper.framework; name = MessageUI.framework; path = System/Library/Frameworks/MessageUI.framework; sourceTree = SDKROOT; };
		8027CA481924F22B006D7667 /* CoreFoundation.framework */ = {isa = PBXFileReference; lastKnownFileType = wrapper.framework; name = CoreFoundation.framework; path = System/Library/Frameworks/CoreFoundation.framework; sourceTree = SDKROOT; };
/* End PBXFileReference section */

/* Begin PBXFrameworksBuildPhase section */
		800001341924329F00039F10 /* Frameworks */ = {
			isa = PBXFrameworksBuildPhase;
			buildActionMask = 2147483647;
			files = (
				8027CA491924F22B006D7667 /* CoreFoundation.framework in Frameworks */,
				8027CA471924F192006D7667 /* MessageUI.framework in Frameworks */,
				8000013D1924329F00039F10 /* CoreGraphics.framework in Frameworks */,
				8000013F1924329F00039F10 /* UIKit.framework in Frameworks */,
				8000013B1924329F00039F10 /* Foundation.framework in Frameworks */,
			);
			runOnlyForDeploymentPostprocessing = 0;
		};
		8000014F192432A000039F10 /* Frameworks */ = {
			isa = PBXFrameworksBuildPhase;
			buildActionMask = 2147483647;
			files = (
				80000154192432A000039F10 /* XCTest.framework in Frameworks */,
				80000156192432A000039F10 /* UIKit.framework in Frameworks */,
				80000155192432A000039F10 /* Foundation.framework in Frameworks */,
			);
			runOnlyForDeploymentPostprocessing = 0;
		};
/* End PBXFrameworksBuildPhase section */

/* Begin PBXGroup section */
		8000012E1924329F00039F10 = {
			isa = PBXGroup;
			children = (
				800001401924329F00039F10 /* Q14 */,
				80000159192432A000039F10 /* Q14Tests */,
				800001391924329F00039F10 /* Frameworks */,
				800001381924329F00039F10 /* Products */,
			);
			sourceTree = "<group>";
		};
		800001381924329F00039F10 /* Products */ = {
			isa = PBXGroup;
			children = (
				800001371924329F00039F10 /* Q14.app */,
				80000152192432A000039F10 /* Q14Tests.xctest */,
			);
			name = Products;
			sourceTree = "<group>";
		};
		800001391924329F00039F10 /* Frameworks */ = {
			isa = PBXGroup;
			children = (
				8027CA481924F22B006D7667 /* CoreFoundation.framework */,
				8027CA461924F192006D7667 /* MessageUI.framework */,
				8000013A1924329F00039F10 /* Foundation.framework */,
				8000013C1924329F00039F10 /* CoreGraphics.framework */,
				8000013E1924329F00039F10 /* UIKit.framework */,
				80000153192432A000039F10 /* XCTest.framework */,
			);
			name = Frameworks;
			sourceTree = "<group>";
		};
		800001401924329F00039F10 /* Q14 */ = {
			isa = PBXGroup;
			children = (
				800001E119243F8400039F10 /* Images */,
				8000016C1924331100039F10 /* AppDelegate.h */,
				8000016D1924331100039F10 /* AppDelegate.m */,
				8000016E1924331100039F10 /* avisoprivacidad.h */,
				8000016F1924331100039F10 /* avisoprivacidad.m */,
				800001761924331100039F10 /* CalendarioViewController.h */,
				800001771924331100039F10 /* CalendarioViewController.m */,
				8000017A1924331100039F10 /* ClasificacionViewController.h */,
				8000017B1924331100039F10 /* ClasificacionViewController.m */,
				8000017C1924331100039F10 /* easteregg.h */,
				8000017D1924331100039F10 /* easteregg.m */,
				800001841924331100039F10 /* GoleadoresViewController.h */,
				800001851924331100039F10 /* GoleadoresViewController.m */,
				800001931924331100039F10 /* inicio.h */,
				800001941924331100039F10 /* inicio.m */,
				800001961924331100039F10 /* Main.storyboard */,
				8000019A1924331100039F10 /* PosicionViewController.h */,
				8000019B1924331100039F10 /* PosicionViewController.m */,
				8000019C1924331100039F10 /* principal.h */,
				8000019D1924331100039F10 /* principal.m */,
				800001A01924331100039F10 /* QuinielaViewController.h */,
				800001A11924331100039F10 /* QuinielaViewController.m */,
				800001A21924331100039F10 /* Internet.h */,
				800001A31924331100039F10 /* Internet.m */,
				800001A61924331100039F10 /* RegistroViewController.h */,
				800001A71924331100039F10 /* RegistroViewController.m */,
				800001A81924331100039F10 /* reglas.h */,
				800001A91924331100039F10 /* reglas.m */,
				800001411924329F00039F10 /* Supporting Files */,
				800001491924329F00039F10 /* XYZQ14AppDelegate.h */,
				8000014A1924329F00039F10 /* XYZQ14AppDelegate.m */,
			);
			path = Q14;
			sourceTree = "<group>";
		};
		800001411924329F00039F10 /* Supporting Files */ = {
			isa = PBXGroup;
			children = (
				800001421924329F00039F10 /* Q14-Info.plist */,
				800001431924329F00039F10 /* InfoPlist.strings */,
				800001461924329F00039F10 /* main.m */,
				800001481924329F00039F10 /* Q14-Prefix.pch */,
			);
			name = "Supporting Files";
			sourceTree = "<group>";
		};
		80000159192432A000039F10 /* Q14Tests */ = {
			isa = PBXGroup;
			children = (
				8000015F192432A000039F10 /* Q14Tests.m */,
				8000015A192432A000039F10 /* Supporting Files */,
			);
			path = Q14Tests;
			sourceTree = "<group>";
		};
		8000015A192432A000039F10 /* Supporting Files */ = {
			isa = PBXGroup;
			children = (
				8000015B192432A000039F10 /* Q14Tests-Info.plist */,
				8000015C192432A000039F10 /* InfoPlist.strings */,
			);
			name = "Supporting Files";
			sourceTree = "<group>";
		};
		800001E119243F8400039F10 /* Images */ = {
			isa = PBXGroup;
			children = (
				8000017F1924331100039F10 /* fondo.jpg */,
				800001811924331100039F10 /* fondoo.jpg */,
				800001E61924404900039F10 /* Default-568h@2x.png */,
				800001E519243FFD00039F10 /* ICONOAPP58.png */,
				800001E419243FE500039F10 /* ICONOAPP80.png */,
				800001E319243FCE00039F10 /* ICONOAPP120.png */,
				800001E219243FB200039F10 /* 640.png */,
				800001E019243F7600039F10 /* 960.png */,
				800001691924331100039F10 /* amf.png */,
				8000016A1924331100039F10 /* anuncio.png */,
				8000016B1924331100039F10 /* anuncio@2x.png */,
				800001701924331100039F10 /* Banner500x100.png */,
				800001711924331100039F10 /* banners-publicidad.png */,
				800001721924331100039F10 /* bellini.png */,
				800001731924331100039F10 /* bioparque.png */,
				800001741924331100039F10 /* calendario.png */,
				800001751924331100039F10 /* calendario2.png */,
				800001781924331100039F10 /* clasificacion.png */,
				800001791924331100039F10 /* clasificacion2.png */,
				8000017E1924331100039F10 /* envivo.png */,
				800001801924331100039F10 /* fondo200x200.png */,
				800001821924331100039F10 /* goleadores.png */,
				800001831924331100039F10 /* goleadores2.png */,
				800001861924331100039F10 /* grupoa.png */,
				800001871924331100039F10 /* grupob.png */,
				800001881924331100039F10 /* grupoc.png */,
				800001891924331100039F10 /* grupod.png */,
				8000018A1924331100039F10 /* grupoe.png */,
				8000018B1924331100039F10 /* grupof.png */,
				8000018C1924331100039F10 /* grupog.png */,
				8000018D1924331100039F10 /* grupoh.png */,
				8000018E1924331100039F10 /* ICONOAPP.png */,
				800001921924331100039F10 /* ICONOAPP120.png */,
				8000018F1924331100039F10 /* ICONOAPP2.png */,
				800001901924331100039F10 /* ICONOAPP58.png */,
				800001911924331100039F10 /* ICONOAPP80.png */,
				800001951924331100039F10 /* LOGOQ14IOS.png */,
				800001971924331100039F10 /* mambocafe.png */,
				800001981924331100039F10 /* posiciones.png */,
				800001991924331100039F10 /* posiciones2.png */,
				8000019E1924331100039F10 /* quiniela2014.png */,
				8000019F1924331100039F10 /* quiniela20142.png */,
				800001A41924331100039F10 /* registro.png */,
				800001A51924331100039F10 /* registro2.png */,
				800001AA1924331100039F10 /* resultados.png */,
			);
			name = Images;
			sourceTree = "<group>";
		};
/* End PBXGroup section */

/* Begin PBXNativeTarget section */
		800001361924329F00039F10 /* Q14 */ = {
			isa = PBXNativeTarget;
			buildConfigurationList = 80000163192432A000039F10 /* Build configuration list for PBXNativeTarget "Q14" */;
			buildPhases = (
				800001331924329F00039F10 /* Sources */,
				800001341924329F00039F10 /* Frameworks */,
				800001351924329F00039F10 /* Resources */,
			);
			buildRules = (
			);
			dependencies = (
			);
			name = Q14;
			productName = Q14;
			productReference = 800001371924329F00039F10 /* Q14.app */;
			productType = "com.apple.product-type.application";
		};
		80000151192432A000039F10 /* Q14Tests */ = {
			isa = PBXNativeTarget;
			buildConfigurationList = 80000166192432A000039F10 /* Build configuration list for PBXNativeTarget "Q14Tests" */;
			buildPhases = (
				8000014E192432A000039F10 /* Sources */,
				8000014F192432A000039F10 /* Frameworks */,
				80000150192432A000039F10 /* Resources */,
			);
			buildRules = (
			);
			dependencies = (
				80000158192432A000039F10 /* PBXTargetDependency */,
			);
			name = Q14Tests;
			productName = Q14Tests;
			productReference = 80000152192432A000039F10 /* Q14Tests.xctest */;
			productType = "com.apple.product-type.bundle.unit-test";
		};
/* End PBXNativeTarget section */

/* Begin PBXProject section */
		8000012F1924329F00039F10 /* Project object */ = {
			isa = PBXProject;
			attributes = {
				CLASSPREFIX = XYZQ14;
				LastUpgradeCheck = 0510;
				ORGANIZATIONNAME = "Comunicación Interactiva DeRu";
				TargetAttributes = {
					800001361924329F00039F10 = {
						DevelopmentTeam = UPN6K86X26;
					};
					80000151192432A000039F10 = {
						TestTargetID = 800001361924329F00039F10;
					};
				};
			};
			buildConfigurationList = 800001321924329F00039F10 /* Build configuration list for PBXProject "Q14" */;
			compatibilityVersion = "Xcode 3.2";
			developmentRegion = English;
			hasScannedForEncodings = 0;
			knownRegions = (
				en,
			);
			mainGroup = 8000012E1924329F00039F10;
			productRefGroup = 800001381924329F00039F10 /* Products */;
			projectDirPath = "";
			projectRoot = "";
			targets = (
				800001361924329F00039F10 /* Q14 */,
				80000151192432A000039F10 /* Q14Tests */,
			);
		};
/* End PBXProject section */

/* Begin PBXResourcesBuildPhase section */
		800001351924329F00039F10 /* Resources */ = {
			isa = PBXResourcesBuildPhase;
			buildActionMask = 2147483647;
			files = (
				800001D71924331100039F10 /* quiniela2014.png in Resources */,
				800001C91924331100039F10 /* grupoh.png in Resources */,
				800001B01924331100039F10 /* Banner500x100.png in Resources */,
				800001AB1924331100039F10 /* amf.png in Resources */,
				800001D01924331100039F10 /* LOGOQ14IOS.png in Resources */,
				800001451924329F00039F10 /* InfoPlist.strings in Resources */,
				800001E71924404900039F10 /* Default-568h@2x.png in Resources */,
				800001C81924331100039F10 /* grupog.png in Resources */,
				800001B41924331100039F10 /* calendario.png in Resources */,
				800001B71924331100039F10 /* clasificacion.png in Resources */,
				800001BD1924331100039F10 /* fondo200x200.png in Resources */,
				800001D21924331100039F10 /* mambocafe.png in Resources */,
				800001BB1924331100039F10 /* envivo.png in Resources */,
				800001B31924331100039F10 /* bioparque.png in Resources */,
				800001AC1924331100039F10 /* anuncio.png in Resources */,
				800001DF1924331100039F10 /* resultados.png in Resources */,
				800001CA1924331100039F10 /* ICONOAPP.png in Resources */,
				800001CB1924331100039F10 /* ICONOAPP2.png in Resources */,
				800001CE1924331100039F10 /* ICONOAPP120.png in Resources */,
				800001BF1924331100039F10 /* goleadores.png in Resources */,
				800001BC1924331100039F10 /* fondo.jpg in Resources */,
				800001BE1924331100039F10 /* fondoo.jpg in Resources */,
				800001C01924331100039F10 /* goleadores2.png in Resources */,
				800001DB1924331100039F10 /* registro.png in Resources */,
				800001C71924331100039F10 /* grupof.png in Resources */,
				800001C51924331100039F10 /* grupod.png in Resources */,
				800001C61924331100039F10 /* grupoe.png in Resources */,
				800001D11924331100039F10 /* Main.storyboard in Resources */,
				800001D81924331100039F10 /* quiniela20142.png in Resources */,
				800001CC1924331100039F10 /* ICONOAPP58.png in Resources */,
				800001B21924331100039F10 /* bellini.png in Resources */,
				800001C31924331100039F10 /* grupob.png in Resources */,
				800001B51924331100039F10 /* calendario2.png in Resources */,
				800001DC1924331100039F10 /* registro2.png in Resources */,
				800001D31924331100039F10 /* posiciones.png in Resources */,
				800001CD1924331100039F10 /* ICONOAPP80.png in Resources */,
				800001AD1924331100039F10 /* anuncio@2x.png in Resources */,
				800001B81924331100039F10 /* clasificacion2.png in Resources */,
				800001C41924331100039F10 /* grupoc.png in Resources */,
				800001B11924331100039F10 /* banners-publicidad.png in Resources */,
				800001D41924331100039F10 /* posiciones2.png in Resources */,
				800001C21924331100039F10 /* grupoa.png in Resources */,
			);
			runOnlyForDeploymentPostprocessing = 0;
		};
		80000150192432A000039F10 /* Resources */ = {
			isa = PBXResourcesBuildPhase;
			buildActionMask = 2147483647;
			files = (
				8000015E192432A000039F10 /* InfoPlist.strings in Resources */,
			);
			runOnlyForDeploymentPostprocessing = 0;
		};
/* End PBXResourcesBuildPhase section */

/* Begin PBXSourcesBuildPhase section */
		800001331924329F00039F10 /* Sources */ = {
			isa = PBXSourcesBuildPhase;
			buildActionMask = 2147483647;
			files = (
				800001DA1924331100039F10 /* Internet.m in Sources */,
				800001471924329F00039F10 /* main.m in Sources */,
				800001CF1924331100039F10 /* inicio.m in Sources */,
				800001C11924331100039F10 /* GoleadoresViewController.m in Sources */,
				800001D61924331100039F10 /* principal.m in Sources */,
				800001B91924331100039F10 /* ClasificacionViewController.m in Sources */,
				800001AF1924331100039F10 /* avisoprivacidad.m in Sources */,
				800001DE1924331100039F10 /* reglas.m in Sources */,
				800001DD1924331100039F10 /* RegistroViewController.m in Sources */,
				800001D91924331100039F10 /* QuinielaViewController.m in Sources */,
				800001BA1924331100039F10 /* easteregg.m in Sources */,
				800001B61924331100039F10 /* CalendarioViewController.m in Sources */,
				8000014B1924329F00039F10 /* XYZQ14AppDelegate.m in Sources */,
				800001D51924331100039F10 /* PosicionViewController.m in Sources */,
				800001AE1924331100039F10 /* AppDelegate.m in Sources */,
			);
			runOnlyForDeploymentPostprocessing = 0;
		};
		8000014E192432A000039F10 /* Sources */ = {
			isa = PBXSourcesBuildPhase;
			buildActionMask = 2147483647;
			files = (
				80000160192432A000039F10 /* Q14Tests.m in Sources */,
			);
			runOnlyForDeploymentPostprocessing = 0;
		};
/* End PBXSourcesBuildPhase section */

/* Begin PBXTargetDependency section */
		80000158192432A000039F10 /* PBXTargetDependency */ = {
			isa = PBXTargetDependency;
			target = 800001361924329F00039F10 /* Q14 */;
			targetProxy = 80000157192432A000039F10 /* PBXContainerItemProxy */;
		};
/* End PBXTargetDependency section */

/* Begin PBXVariantGroup section */
		800001431924329F00039F10 /* InfoPlist.strings */ = {
			isa = PBXVariantGroup;
			children = (
				800001441924329F00039F10 /* en */,
			);
			name = InfoPlist.strings;
			sourceTree = "<group>";
		};
		8000015C192432A000039F10 /* InfoPlist.strings */ = {
			isa = PBXVariantGroup;
			children = (
				8000015D192432A000039F10 /* en */,
			);
			name = InfoPlist.strings;
			sourceTree = "<group>";
		};
/* End PBXVariantGroup section */

/* Begin XCBuildConfiguration section */
		80000161192432A000039F10 /* Debug */ = {
			isa = XCBuildConfiguration;
			buildSettings = {
				ALWAYS_SEARCH_USER_PATHS = NO;
				CLANG_CXX_LANGUAGE_STANDARD = "gnu++0x";
				CLANG_CXX_LIBRARY = "libc++";
				CLANG_ENABLE_MODULES = YES;
				CLANG_ENABLE_OBJC_ARC = YES;
				CLANG_WARN_BOOL_CONVERSION = YES;
				CLANG_WARN_CONSTANT_CONVERSION = YES;
				CLANG_WARN_DIRECT_OBJC_ISA_USAGE = YES_ERROR;
				CLANG_WARN_EMPTY_BODY = YES;
				CLANG_WARN_ENUM_CONVERSION = YES;
				CLANG_WARN_INT_CONVERSION = YES;
				CLANG_WARN_OBJC_ROOT_CLASS = YES_ERROR;
				CLANG_WARN__DUPLICATE_METHOD_MATCH = YES;
				"CODE_SIGN_IDENTITY[sdk=iphoneos*]" = "iPhone Developer";
				COPY_PHASE_STRIP = NO;
				GCC_C_LANGUAGE_STANDARD = gnu99;
				GCC_DYNAMIC_NO_PIC = NO;
				GCC_OPTIMIZATION_LEVEL = 0;
				GCC_PREPROCESSOR_DEFINITIONS = (
					"DEBUG=1",
					"$(inherited)",
				);
				GCC_SYMBOLS_PRIVATE_EXTERN = NO;
				GCC_WARN_64_TO_32_BIT_CONVERSION = YES;
				GCC_WARN_ABOUT_RETURN_TYPE = YES_ERROR;
				GCC_WARN_UNDECLARED_SELECTOR = YES;
				GCC_WARN_UNINITIALIZED_AUTOS = YES_AGGRESSIVE;
				GCC_WARN_UNUSED_FUNCTION = YES;
				GCC_WARN_UNUSED_VARIABLE = YES;
				IPHONEOS_DEPLOYMENT_TARGET = 7.1;
				ONLY_ACTIVE_ARCH = YES;
				SDKROOT = iphoneos;
			};
			name = Debug;
		};
		80000162192432A000039F10 /* Release */ = {
			isa = XCBuildConfiguration;
			buildSettings = {
				ALWAYS_SEARCH_USER_PATHS = NO;
				CLANG_CXX_LANGUAGE_STANDARD = "gnu++0x";
				CLANG_CXX_LIBRARY = "libc++";
				CLANG_ENABLE_MODULES = YES;
				CLANG_ENABLE_OBJC_ARC = YES;
				CLANG_WARN_BOOL_CONVERSION = YES;
				CLANG_WARN_CONSTANT_CONVERSION = YES;
				CLANG_WARN_DIRECT_OBJC_ISA_USAGE = YES_ERROR;
				CLANG_WARN_EMPTY_BODY = YES;
				CLANG_WARN_ENUM_CONVERSION = YES;
				CLANG_WARN_INT_CONVERSION = YES;
				CLANG_WARN_OBJC_ROOT_CLASS = YES_ERROR;
				CLANG_WARN__DUPLICATE_METHOD_MATCH = YES;
				"CODE_SIGN_IDENTITY[sdk=iphoneos*]" = "iPhone Developer";
				COPY_PHASE_STRIP = YES;
				ENABLE_NS_ASSERTIONS = NO;
				GCC_C_LANGUAGE_STANDARD = gnu99;
				GCC_WARN_64_TO_32_BIT_CONVERSION = YES;
				GCC_WARN_ABOUT_RETURN_TYPE = YES_ERROR;
				GCC_WARN_UNDECLARED_SELECTOR = YES;
				GCC_WARN_UNINITIALIZED_AUTOS = YES_AGGRESSIVE;
				GCC_WARN_UNUSED_FUNCTION = YES;
				GCC_WARN_UNUSED_VARIABLE = YES;
				IPHONEOS_DEPLOYMENT_TARGET = 7.1;
				SDKROOT = iphoneos;
				VALIDATE_PRODUCT = YES;
			};
			name = Release;
		};
		80000164192432A000039F10 /* Debug */ = {
			isa = XCBuildConfiguration;
			buildSettings = {
				CODE_SIGN_IDENTITY = "iPhone Developer";
				GCC_PRECOMPILE_PREFIX_HEADER = YES;
				GCC_PREFIX_HEADER = "Q14/Q14-Prefix.pch";
				INFOPLIST_FILE = "Q14/Q14-Info.plist";
				PRODUCT_NAME = "$(TARGET_NAME)";
				WRAPPER_EXTENSION = app;
			};
			name = Debug;
		};
		80000165192432A000039F10 /* Release */ = {
			isa = XCBuildConfiguration;
			buildSettings = {
				CODE_SIGN_IDENTITY = "iPhone Developer";
				GCC_PRECOMPILE_PREFIX_HEADER = YES;
				GCC_PREFIX_HEADER = "Q14/Q14-Prefix.pch";
				INFOPLIST_FILE = "Q14/Q14-Info.plist";
				PRODUCT_NAME = "$(TARGET_NAME)";
				WRAPPER_EXTENSION = app;
			};
			name = Release;
		};
		80000167192432A000039F10 /* Debug */ = {
			isa = XCBuildConfiguration;
			buildSettings = {
				BUNDLE_LOADER = "$(BUILT_PRODUCTS_DIR)/Q14.app/Q14";
				FRAMEWORK_SEARCH_PATHS = (
					"$(SDKROOT)/Developer/Library/Frameworks",
					"$(inherited)",
					"$(DEVELOPER_FRAMEWORKS_DIR)",
				);
				GCC_PRECOMPILE_PREFIX_HEADER = YES;
				GCC_PREFIX_HEADER = "Q14/Q14-Prefix.pch";
				GCC_PREPROCESSOR_DEFINITIONS = (
					"DEBUG=1",
					"$(inherited)",
				);
				INFOPLIST_FILE = "Q14Tests/Q14Tests-Info.plist";
				PRODUCT_NAME = "$(TARGET_NAME)";
				TEST_HOST = "$(BUNDLE_LOADER)";
				WRAPPER_EXTENSION = xctest;
			};
			name = Debug;
		};
		80000168192432A000039F10 /* Release */ = {
			isa = XCBuildConfiguration;
			buildSettings = {
				BUNDLE_LOADER = "$(BUILT_PRODUCTS_DIR)/Q14.app/Q14";
				FRAMEWORK_SEARCH_PATHS = (
					"$(SDKROOT)/Developer/Library/Frameworks",
					"$(inherited)",
					"$(DEVELOPER_FRAMEWORKS_DIR)",
				);
				GCC_PRECOMPILE_PREFIX_HEADER = YES;
				GCC_PREFIX_HEADER = "Q14/Q14-Prefix.pch";
				INFOPLIST_FILE = "Q14Tests/Q14Tests-Info.plist";
				PRODUCT_NAME = "$(TARGET_NAME)";
				TEST_HOST = "$(BUNDLE_LOADER)";
				WRAPPER_EXTENSION = xctest;
			};
			name = Release;
		};
/* End XCBuildConfiguration section */

/* Begin XCConfigurationList section */
		800001321924329F00039F10 /* Build configuration list for PBXProject "Q14" */ = {
			isa = XCConfigurationList;
			buildConfigurations = (
				80000161192432A000039F10 /* Debug */,
				80000162192432A000039F10 /* Release */,
			);
			defaultConfigurationIsVisible = 0;
			defaultConfigurationName = Release;
		};
		80000163192432A000039F10 /* Build configuration list for PBXNativeTarget "Q14" */ = {
			isa = XCConfigurationList;
			buildConfigurations = (
				80000164192432A000039F10 /* Debug */,
				80000165192432A000039F10 /* Release */,
			);
			defaultConfigurationIsVisible = 0;
			defaultConfigurationName = Release;
		};
		80000166192432A000039F10 /* Build configuration list for PBXNativeTarget "Q14Tests" */ = {
			isa = XCConfigurationList;
			buildConfigurations = (
				80000167192432A000039F10 /* Debug */,
				80000168192432A000039F10 /* Release */,
			);
			defaultConfigurationIsVisible = 0;
			defaultConfigurationName = Release;
		};
/* End XCConfigurationList section */
	};
	rootObject = 8000012F1924329F00039F10 /* Project object */;
}
